
Microsoft Visual Studio Solution File, Format Version 12.00
# Visual Studio Version 16
VisualStudioVersion = 16.0.29209.62
MinimumVisualStudioVersion = 10.0.40219.1
Project("{9A19103F-16F7-4668-BE54-9A1E7A4F7556}") = "MachineLearningWithDotNet", "MachineLearningWithDotNet\MachineLearningWithDotNet.csproj", "{9C0B0FF9-1707-4CA0-8D4B-EC945FDD31F1}"
EndProject
Project("{9A19103F-16F7-4668-BE54-9A1E7A4F7556}") = "MachineLearningWithDotNetML.Model", "MachineLearningWithDotNetML.Model\MachineLearningWithDotNetML.Model.csproj", "{76B2A0B9-657D-4451-9AAD-103A709E9129}"
EndProject
Project("{9A19103F-16F7-4668-BE54-9A1E7A4F7556}") = "MachineLearningWithDotNetML.ConsoleApp", "MachineLearningWithDotNetML.ConsoleApp\MachineLearningWithDotNetML.ConsoleApp.csproj", "{56CD7180-D7B4-4CB6-AB24-B9A5F0D1AF83}"
EndProject
Project("{2150E333-8FDC-42A3-9474-1A3956D46DE8}") = "Solution Items", "Solution Items", "{D3A4B413-4413-455B-8397-76D1F725BFB3}"
	ProjectSection(SolutionItems) = preProject
		..\python\mc_test\input_data_train.csv = ..\python\mc_test\input_data_train.csv
	EndProjectSection
EndProject
Project("{FAE04EC0-301F-11D3-BF4B-00C04F79EFBC}") = "WEBAPP", "WEBAPP\WEBAPP.csproj", "{8C98AFFC-DBBA-4CD0-9006-671FD4A00BF5}"
EndProject
Global
	GlobalSection(SolutionConfigurationPlatforms) = preSolution
		Debug|Any CPU = Debug|Any CPU
		Release|Any CPU = Release|Any CPU
	EndGlobalSection
	GlobalSection(ProjectConfigurationPlatforms) = postSolution
		{9C0B0FF9-1707-4CA0-8D4B-EC945FDD31F1}.Debug|Any CPU.ActiveCfg = Debug|Any CPU
		{9C0B0FF9-1707-4CA0-8D4B-EC945FDD31F1}.Debug|Any CPU.Build.0 = Debug|Any CPU
		{9C0B0FF9-1707-4CA0-8D4B-EC945FDD31F1}.Release|Any CPU.ActiveCfg = Release|Any CPU
		{9C0B0FF9-1707-4CA0-8D4B-EC945FDD31F1}.Release|Any CPU.Build.0 = Release|Any CPU
		{76B2A0B9-657D-4451-9AAD-103A709E9129}.Debug|Any CPU.ActiveCfg = Debug|Any CPU
		{76B2A0B9-657D-4451-9AAD-103A709E9129}.Debug|Any CPU.Build.0 = Debug|Any CPU
		{76B2A0B9-657D-4451-9AAD-103A709E9129}.Release|Any CPU.ActiveCfg = Release|Any CPU
		{76B2A0B9-657D-4451-9AAD-103A709E9129}.Release|Any CPU.Build.0 = Release|Any CPU
		{56CD7180-D7B4-4CB6-AB24-B9A5F0D1AF83}.Debug|Any CPU.ActiveCfg = Debug|Any CPU
		{56CD7180-D7B4-4CB6-AB24-B9A5F0D1AF83}.Debug|Any CPU.Build.0 = Debug|Any CPU
		{56CD7180-D7B4-4CB6-AB24-B9A5F0D1AF83}.Release|Any CPU.ActiveCfg = Release|Any CPU
		{56CD7180-D7B4-4CB6-AB24-B9A5F0D1AF83}.Release|Any CPU.Build.0 = Release|Any CPU
		{8C98AFFC-DBBA-4CD0-9006-671FD4A00BF5}.Debug|Any CPU.ActiveCfg = Debug|Any CPU
		{8C98AFFC-DBBA-4CD0-9006-671FD4A00BF5}.Debug|Any CPU.Build.0 = Debug|Any CPU
		{8C98AFFC-DBBA-4CD0-9006-671FD4A00BF5}.Release|Any CPU.ActiveCfg = Release|Any CPU
		{8C98AFFC-DBBA-4CD0-9006-671FD4A00BF5}.Release|Any CPU.Build.0 = Release|Any CPU
	EndGlobalSection
	GlobalSection(SolutionProperties) = preSolution
		HideSolutionNode = FALSE
	EndGlobalSection
	GlobalSection(ExtensibilityGlobals) = postSolution
		SolutionGuid = {CDD67CFD-638F-4629-A9F7-148AADA9B8CD}
	EndGlobalSection
EndGlobal
